
Microsoft Visual Studio Solution File, Format Version 12.00
# Visual Studio 15
VisualStudioVersion = 15.0.28307.539
MinimumVisualStudioVersion = 10.0.40219.1
Project("{FAE04EC0-301F-11D3-BF4B-00C04F79EFBC}") = "MKUtils", "MK\MKUtils.csproj", "{227A90DA-0ACA-4FE4-BFC7-8DCAB01E0306}"
EndProject
Project("{FAE04EC0-301F-11D3-BF4B-00C04F79EFBC}") = "MKUI", "MKQR\MKUI.csproj", "{E72CE097-908B-4694-B27B-3EDE86F70DC5}"
EndProject
Project("{FAE04EC0-301F-11D3-BF4B-00C04F79EFBC}") = "MBX", "MBX\MBX.csproj", "{DA8A7311-37A8-4AEA-818E-D4F03776AC84}"
EndProject
Global
	GlobalSection(SolutionConfigurationPlatforms) = preSolution
		Debug|Any CPU = Debug|Any CPU
		Release|Any CPU = Release|Any CPU
	EndGlobalSection
	GlobalSection(ProjectConfigurationPlatforms) = postSolution
		{227A90DA-0ACA-4FE4-BFC7-8DCAB01E0306}.Debug|Any CPU.ActiveCfg = Debug|Any CPU
		{227A90DA-0ACA-4FE4-BFC7-8DCAB01E0306}.Debug|Any CPU.Build.0 = Debug|Any CPU
		{227A90DA-0ACA-4FE4-BFC7-8DCAB01E0306}.Release|Any CPU.ActiveCfg = Release|Any CPU
		{227A90DA-0ACA-4FE4-BFC7-8DCAB01E0306}.Release|Any CPU.Build.0 = Release|Any CPU
		{E72CE097-908B-4694-B27B-3EDE86F70DC5}.Debug|Any CPU.ActiveCfg = Debug|Any CPU
		{E72CE097-908B-4694-B27B-3EDE86F70DC5}.Debug|Any CPU.Build.0 = Debug|Any CPU
		{E72CE097-908B-4694-B27B-3EDE86F70DC5}.Release|Any CPU.ActiveCfg = Release|Any CPU
		{E72CE097-908B-4694-B27B-3EDE86F70DC5}.Release|Any CPU.Build.0 = Release|Any CPU
		{DA8A7311-37A8-4AEA-818E-D4F03776AC84}.Debug|Any CPU.ActiveCfg = Debug|Any CPU
		{DA8A7311-37A8-4AEA-818E-D4F03776AC84}.Debug|Any CPU.Build.0 = Debug|Any CPU
		{DA8A7311-37A8-4AEA-818E-D4F03776AC84}.Release|Any CPU.ActiveCfg = Release|Any CPU
		{DA8A7311-37A8-4AEA-818E-D4F03776AC84}.Release|Any CPU.Build.0 = Release|Any CPU
	EndGlobalSection
	GlobalSection(SolutionProperties) = preSolution
		HideSolutionNode = FALSE
	EndGlobalSection
	GlobalSection(ExtensibilityGlobals) = postSolution
		SolutionGuid = {5D79B93E-3BF1-42A6-8F35-05050DB57A04}
	EndGlobalSection
EndGlobal
